
Microsoft Visual Studio Solution File, Format Version 12.00
# Visual Studio Version 16
VisualStudioVersion = 16.0.29519.87
MinimumVisualStudioVersion = 10.0.40219.1
Project("{FAE04EC0-301F-11D3-BF4B-00C04F79EFBC}") = "FashionShopApi", "FashionShopApi\FashionShopApi.csproj", "{B12C1825-9708-4B9D-8B8E-14F83E1CC0E8}"
EndProject
Global
	GlobalSection(SolutionConfigurationPlatforms) = preSolution
		Debug|Any CPU = Debug|Any CPU
		Release|Any CPU = Release|Any CPU
	EndGlobalSection
	GlobalSection(ProjectConfigurationPlatforms) = postSolution
		{B12C1825-9708-4B9D-8B8E-14F83E1CC0E8}.Debug|Any CPU.ActiveCfg = Debug|Any CPU
		{B12C1825-9708-4B9D-8B8E-14F83E1CC0E8}.Debug|Any CPU.Build.0 = Debug|Any CPU
		{B12C1825-9708-4B9D-8B8E-14F83E1CC0E8}.Release|Any CPU.ActiveCfg = Release|Any CPU
		{B12C1825-9708-4B9D-8B8E-14F83E1CC0E8}.Release|Any CPU.Build.0 = Release|Any CPU
	EndGlobalSection
	GlobalSection(SolutionProperties) = preSolution
		HideSolutionNode = FALSE
	EndGlobalSection
	GlobalSection(ExtensibilityGlobals) = postSolution
		SolutionGuid = {B578FF09-01B2-4CEA-946B-23CADF7B582F}
	EndGlobalSection
EndGlobal
