
Microsoft Visual Studio Solution File, Format Version 12.00
# Visual Studio Version 16
VisualStudioVersion = 16.0.30225.117
MinimumVisualStudioVersion = 10.0.40219.1
Project("{FAE04EC0-301F-11D3-BF4B-00C04F79EFBC}") = "FashionShopAPI", "FashionShopAPI\FashionShopAPI.csproj", "{8A653B55-12B6-4086-985E-B5EEBBDA74ED}"
EndProject
Global
	GlobalSection(SolutionConfigurationPlatforms) = preSolution
		Debug|Any CPU = Debug|Any CPU
		Release|Any CPU = Release|Any CPU
	EndGlobalSection
	GlobalSection(ProjectConfigurationPlatforms) = postSolution
		{8A653B55-12B6-4086-985E-B5EEBBDA74ED}.Debug|Any CPU.ActiveCfg = Debug|Any CPU
		{8A653B55-12B6-4086-985E-B5EEBBDA74ED}.Debug|Any CPU.Build.0 = Debug|Any CPU
		{8A653B55-12B6-4086-985E-B5EEBBDA74ED}.Release|Any CPU.ActiveCfg = Release|Any CPU
		{8A653B55-12B6-4086-985E-B5EEBBDA74ED}.Release|Any CPU.Build.0 = Release|Any CPU
	EndGlobalSection
	GlobalSection(SolutionProperties) = preSolution
		HideSolutionNode = FALSE
	EndGlobalSection
	GlobalSection(ExtensibilityGlobals) = postSolution
		SolutionGuid = {87E6E6F0-0394-4661-AF7D-05E3BCFECA27}
	EndGlobalSection
EndGlobal
